// !$*UTF8*$!
{
	archiveVersion = 1;
	classes = {
	};
	objectVersion = 46;
	objects = {

/* Begin PBXBuildFile section */
		0B84F58521A17DB000F887A8 /* MapKit.framework in Frameworks */ = {isa = PBXBuildFile; fileRef = 0B84F58421A17DB000F887A8 /* MapKit.framework */; };
		0B84F58721A181A000F887A8 /* MapViewController.swift in Sources */ = {isa = PBXBuildFile; fileRef = 0B84F58621A181A000F887A8 /* MapViewController.swift */; };
		2E7B317CF3E4CA2966BD6C55 /* ConversionViewController.swift in Sources */ = {isa = PBXBuildFile; fileRef = 2E7B3FFECF84A3C47E78FF5B /* ConversionViewController.swift */; };
		2E7B34654CE96CD941D75742 /* LaunchScreen.storyboard in Resources */ = {isa = PBXBuildFile; fileRef = 2E7B3EA0584C4CB2DA337BF6 /* LaunchScreen.storyboard */; };
		2E7B34E1FE09AFF9498AA624 /* Main.storyboard in Resources */ = {isa = PBXBuildFile; fileRef = 2E7B36E9DE04E3AE581A5418 /* Main.storyboard */; };
		2E7B35A8E81B88C1EA44B977 /* ViewController.swift in Sources */ = {isa = PBXBuildFile; fileRef = 2E7B3978443C083015AA5814 /* ViewController.swift */; };
		2E7B39F21181DE72474D1FE0 /* WorldTrotterTests.swift in Sources */ = {isa = PBXBuildFile; fileRef = 2E7B307327FD2E7B0FB35443 /* WorldTrotterTests.swift */; };
		2E7B3A234E68B8BBE71DEE76 /* AppDelegate.swift in Sources */ = {isa = PBXBuildFile; fileRef = 2E7B397EFC802124FB3B91B5 /* AppDelegate.swift */; };
		2E7B3B5BE77082303B574062 /* Assets.xcassets in Resources */ = {isa = PBXBuildFile; fileRef = 2E7B385415F50113AF1869CD /* Assets.xcassets */; };
		2E7B3EE65EDED800B9A6DE1D /* WorldTrotterUITests.swift in Sources */ = {isa = PBXBuildFile; fileRef = 2E7B387045D83E2FC4F796EB /* WorldTrotterUITests.swift */; };
/* End PBXBuildFile section */

/* Begin PBXContainerItemProxy section */
		2E7B344FFD5007BF5699F398 /* PBXContainerItemProxy */ = {
			isa = PBXContainerItemProxy;
			containerPortal = 2E7B3C19E22C2CF2BF23EA53 /* Project object */;
			proxyType = 1;
			remoteGlobalIDString = 2E7B33F399C8FF58B866A331;
			remoteInfo = WorldTrotter;
		};
		2E7B39CE5807977014447B4C /* PBXContainerItemProxy */ = {
			isa = PBXContainerItemProxy;
			containerPortal = 2E7B3C19E22C2CF2BF23EA53 /* Project object */;
			proxyType = 1;
			remoteGlobalIDString = 2E7B33F399C8FF58B866A331;
			remoteInfo = WorldTrotter;
		};
/* End PBXContainerItemProxy section */

/* Begin PBXFileReference section */
		0B84F58421A17DB000F887A8 /* MapKit.framework */ = {isa = PBXFileReference; lastKnownFileType = wrapper.framework; name = MapKit.framework; path = System/Library/Frameworks/MapKit.framework; sourceTree = SDKROOT; };
		0B84F58621A181A000F887A8 /* MapViewController.swift */ = {isa = PBXFileReference; lastKnownFileType = sourcecode.swift; path = MapViewController.swift; sourceTree = "<group>"; };
		2E7B307327FD2E7B0FB35443 /* WorldTrotterTests.swift */ = {isa = PBXFileReference; lastKnownFileType = sourcecode.swift; path = WorldTrotterTests.swift; sourceTree = "<group>"; };
		2E7B339C5BDBD31028202082 /* WorldTrotterUITests.xctest */ = {isa = PBXFileReference; explicitFileType = wrapper.cfbundle; includeInIndex = 0; path = WorldTrotterUITests.xctest; sourceTree = BUILT_PRODUCTS_DIR; };
		2E7B3423E3CF35D0EC5DE17B /* Info.plist */ = {isa = PBXFileReference; lastKnownFileType = text.plist.info; path = Info.plist; sourceTree = "<group>"; };
		2E7B3561EBE3B759EBF2CD5F /* Base */ = {isa = PBXFileReference; lastKnownFileType = file.storyboard; name = Base; path = Base.lproj/LaunchScreen.storyboard; sourceTree = "<group>"; };
		2E7B385415F50113AF1869CD /* Assets.xcassets */ = {isa = PBXFileReference; lastKnownFileType = folder.assetcatalog; path = Assets.xcassets; sourceTree = "<group>"; };
		2E7B387045D83E2FC4F796EB /* WorldTrotterUITests.swift */ = {isa = PBXFileReference; lastKnownFileType = sourcecode.swift; path = WorldTrotterUITests.swift; sourceTree = "<group>"; };
		2E7B3978443C083015AA5814 /* ViewController.swift */ = {isa = PBXFileReference; fileEncoding = 4; lastKnownFileType = sourcecode.swift; path = ViewController.swift; sourceTree = "<group>"; };
		2E7B397EFC802124FB3B91B5 /* AppDelegate.swift */ = {isa = PBXFileReference; lastKnownFileType = sourcecode.swift; path = AppDelegate.swift; sourceTree = "<group>"; };
		2E7B3AD55DDCC6A96A6166DC /* WorldTrotterTests.xctest */ = {isa = PBXFileReference; explicitFileType = wrapper.cfbundle; includeInIndex = 0; path = WorldTrotterTests.xctest; sourceTree = BUILT_PRODUCTS_DIR; };
		2E7B3BA0DFCEC90A9EB5750C /* Info.plist */ = {isa = PBXFileReference; lastKnownFileType = text.plist.info; path = Info.plist; sourceTree = "<group>"; };
		2E7B3ECF8A9AD6EFC09B2C81 /* Info.plist */ = {isa = PBXFileReference; lastKnownFileType = text.plist.info; path = Info.plist; sourceTree = "<group>"; };
		2E7B3F61235DFB782CFE3860 /* WorldTrotter.app */ = {isa = PBXFileReference; explicitFileType = wrapper.application; includeInIndex = 0; path = WorldTrotter.app; sourceTree = BUILT_PRODUCTS_DIR; };
		2E7B3FDEAEFDEC0656529F75 /* Base */ = {isa = PBXFileReference; lastKnownFileType = file.storyboard; name = Base; path = Base.lproj/Main.storyboard; sourceTree = "<group>"; };
		2E7B3FFECF84A3C47E78FF5B /* ConversionViewController.swift */ = {isa = PBXFileReference; fileEncoding = 4; lastKnownFileType = sourcecode.swift; path = ConversionViewController.swift; sourceTree = "<group>"; };
/* End PBXFileReference section */

/* Begin PBXFrameworksBuildPhase section */
		2E7B31476A5A5F7C08A2E582 /* Frameworks */ = {
			isa = PBXFrameworksBuildPhase;
			buildActionMask = 2147483647;
			files = (
			);
			runOnlyForDeploymentPostprocessing = 0;
		};
		2E7B3CA202102A9A177DDA2A /* Frameworks */ = {
			isa = PBXFrameworksBuildPhase;
			buildActionMask = 2147483647;
			files = (
				0B84F58521A17DB000F887A8 /* MapKit.framework in Frameworks */,
			);
			runOnlyForDeploymentPostprocessing = 0;
		};
		2E7B3DF7E2C9AC43789475F5 /* Frameworks */ = {
			isa = PBXFrameworksBuildPhase;
			buildActionMask = 2147483647;
			files = (
			);
			runOnlyForDeploymentPostprocessing = 0;
		};
/* End PBXFrameworksBuildPhase section */

/* Begin PBXGroup section */
		0B84F58321A17DB000F887A8 /* Frameworks */ = {
			isa = PBXGroup;
			children = (
				0B84F58421A17DB000F887A8 /* MapKit.framework */,
			);
			name = Frameworks;
			sourceTree = "<group>";
		};
		2E7B33DE34B6AA7AD519DD57 /* WorldTrotterTests */ = {
			isa = PBXGroup;
			children = (
				2E7B3BA0DFCEC90A9EB5750C /* Info.plist */,
				2E7B307327FD2E7B0FB35443 /* WorldTrotterTests.swift */,
			);
			path = WorldTrotterTests;
			sourceTree = "<group>";
		};
		2E7B357A58B2851D4367E620 /* WorldTrotter */ = {
			isa = PBXGroup;
			children = (
				2E7B3423E3CF35D0EC5DE17B /* Info.plist */,
				2E7B385415F50113AF1869CD /* Assets.xcassets */,
				2E7B3EA0584C4CB2DA337BF6 /* LaunchScreen.storyboard */,
				2E7B397EFC802124FB3B91B5 /* AppDelegate.swift */,
				2E7B36E9DE04E3AE581A5418 /* Main.storyboard */,
				2E7B3FFECF84A3C47E78FF5B /* ConversionViewController.swift */,
				0B84F58621A181A000F887A8 /* MapViewController.swift */,
			);
			path = WorldTrotter;
			sourceTree = "<group>";
		};
		2E7B3759247341CBE5A14D6C /* WorldTrotterUITests */ = {
			isa = PBXGroup;
			children = (
				2E7B3ECF8A9AD6EFC09B2C81 /* Info.plist */,
				2E7B387045D83E2FC4F796EB /* WorldTrotterUITests.swift */,
				2E7B3978443C083015AA5814 /* ViewController.swift */,
			);
			path = WorldTrotterUITests;
			sourceTree = "<group>";
		};
		2E7B3C4BA9C1A9F95195647C /* Products */ = {
			isa = PBXGroup;
			children = (
				2E7B3F61235DFB782CFE3860 /* WorldTrotter.app */,
				2E7B3AD55DDCC6A96A6166DC /* WorldTrotterTests.xctest */,
				2E7B339C5BDBD31028202082 /* WorldTrotterUITests.xctest */,
			);
			name = Products;
			sourceTree = "<group>";
		};
		2E7B3F196E8F2A0CE322A191 = {
			isa = PBXGroup;
			children = (
				2E7B3C4BA9C1A9F95195647C /* Products */,
				2E7B357A58B2851D4367E620 /* WorldTrotter */,
				2E7B33DE34B6AA7AD519DD57 /* WorldTrotterTests */,
				2E7B3759247341CBE5A14D6C /* WorldTrotterUITests */,
				0B84F58321A17DB000F887A8 /* Frameworks */,
			);
			sourceTree = "<group>";
		};
/* End PBXGroup section */

/* Begin PBXNativeTarget section */
		2E7B3373AD2CF32B761694E3 /* WorldTrotterTests */ = {
			isa = PBXNativeTarget;
			buildConfigurationList = 2E7B3F9EE44676D1A286A352 /* Build configuration list for PBXNativeTarget "WorldTrotterTests" */;
			buildPhases = (
				2E7B35EB421F7C64C9F2427C /* Sources */,
				2E7B31476A5A5F7C08A2E582 /* Frameworks */,
				2E7B3C16D4D58AFA1E90E740 /* Resources */,
			);
			buildRules = (
			);
			dependencies = (
				2E7B32B62D1B024DE26376DE /* PBXTargetDependency */,
			);
			name = WorldTrotterTests;
			productName = WorldTrotterTests;
			productReference = 2E7B3AD55DDCC6A96A6166DC /* WorldTrotterTests.xctest */;
			productType = "com.apple.product-type.bundle.unit-test";
		};
		2E7B338D5CC07B62289F03CE /* WorldTrotterUITests */ = {
			isa = PBXNativeTarget;
			buildConfigurationList = 2E7B3B38F532AB930952F1DC /* Build configuration list for PBXNativeTarget "WorldTrotterUITests" */;
			buildPhases = (
				2E7B3E7EB8015590845F0C9D /* Sources */,
				2E7B3DF7E2C9AC43789475F5 /* Frameworks */,
				2E7B371292BCBE986F3C3B78 /* Resources */,
			);
			buildRules = (
			);
			dependencies = (
				2E7B35D8F7FB7800CAABB036 /* PBXTargetDependency */,
			);
			name = WorldTrotterUITests;
			productName = WorldTrotterUITests;
			productReference = 2E7B339C5BDBD31028202082 /* WorldTrotterUITests.xctest */;
			productType = "com.apple.product-type.bundle.ui-testing";
		};
		2E7B33F399C8FF58B866A331 /* WorldTrotter */ = {
			isa = PBXNativeTarget;
			buildConfigurationList = 2E7B38941003B3FD97A94012 /* Build configuration list for PBXNativeTarget "WorldTrotter" */;
			buildPhases = (
				2E7B3EA8A41EFE5240E36064 /* Sources */,
				2E7B3CA202102A9A177DDA2A /* Frameworks */,
				2E7B3D02ADA351D9254E17F5 /* Resources */,
			);
			buildRules = (
			);
			dependencies = (
			);
			name = WorldTrotter;
			productName = WorldTrotter;
			productReference = 2E7B3F61235DFB782CFE3860 /* WorldTrotter.app */;
			productType = "com.apple.product-type.application";
		};
/* End PBXNativeTarget section */

/* Begin PBXProject section */
		2E7B3C19E22C2CF2BF23EA53 /* Project object */ = {
			isa = PBXProject;
			attributes = {
				ORGANIZATIONNAME = hoffsilva;
				TargetAttributes = {
					2E7B33F399C8FF58B866A331 = {
						DevelopmentTeam = C434CHPZ37;
					};
				};
			};
			buildConfigurationList = 2E7B35C6B45C7CA263CCC770 /* Build configuration list for PBXProject "WorldTrotter" */;
			compatibilityVersion = "Xcode 3.2";
			developmentRegion = English;
			hasScannedForEncodings = 0;
			knownRegions = (
				en,
			);
			mainGroup = 2E7B3F196E8F2A0CE322A191;
			productRefGroup = 2E7B3C4BA9C1A9F95195647C /* Products */;
			projectDirPath = "";
			projectRoot = "";
			targets = (
				2E7B33F399C8FF58B866A331 /* WorldTrotter */,
				2E7B3373AD2CF32B761694E3 /* WorldTrotterTests */,
				2E7B338D5CC07B62289F03CE /* WorldTrotterUITests */,
			);
		};
/* End PBXProject section */

/* Begin PBXResourcesBuildPhase section */
		2E7B371292BCBE986F3C3B78 /* Resources */ = {
			isa = PBXResourcesBuildPhase;
			buildActionMask = 2147483647;
			files = (
			);
			runOnlyForDeploymentPostprocessing = 0;
		};
		2E7B3C16D4D58AFA1E90E740 /* Resources */ = {
			isa = PBXResourcesBuildPhase;
			buildActionMask = 2147483647;
			files = (
			);
			runOnlyForDeploymentPostprocessing = 0;
		};
		2E7B3D02ADA351D9254E17F5 /* Resources */ = {
			isa = PBXResourcesBuildPhase;
			buildActionMask = 2147483647;
			files = (
				2E7B3B5BE77082303B574062 /* Assets.xcassets in Resources */,
				2E7B34654CE96CD941D75742 /* LaunchScreen.storyboard in Resources */,
				2E7B34E1FE09AFF9498AA624 /* Main.storyboard in Resources */,
			);
			runOnlyForDeploymentPostprocessing = 0;
		};
/* End PBXResourcesBuildPhase section */

/* Begin PBXSourcesBuildPhase section */
		2E7B35EB421F7C64C9F2427C /* Sources */ = {
			isa = PBXSourcesBuildPhase;
			buildActionMask = 2147483647;
			files = (
				2E7B39F21181DE72474D1FE0 /* WorldTrotterTests.swift in Sources */,
			);
			runOnlyForDeploymentPostprocessing = 0;
		};
		2E7B3E7EB8015590845F0C9D /* Sources */ = {
			isa = PBXSourcesBuildPhase;
			buildActionMask = 2147483647;
			files = (
				2E7B3EE65EDED800B9A6DE1D /* WorldTrotterUITests.swift in Sources */,
			);
			runOnlyForDeploymentPostprocessing = 0;
		};
		2E7B3EA8A41EFE5240E36064 /* Sources */ = {
			isa = PBXSourcesBuildPhase;
			buildActionMask = 2147483647;
			files = (
				2E7B3A234E68B8BBE71DEE76 /* AppDelegate.swift in Sources */,
				2E7B35A8E81B88C1EA44B977 /* ViewController.swift in Sources */,
				2E7B317CF3E4CA2966BD6C55 /* ConversionViewController.swift in Sources */,
				0B84F58721A181A000F887A8 /* MapViewController.swift in Sources */,
			);
			runOnlyForDeploymentPostprocessing = 0;
		};
/* End PBXSourcesBuildPhase section */

/* Begin PBXTargetDependency section */
		2E7B32B62D1B024DE26376DE /* PBXTargetDependency */ = {
			isa = PBXTargetDependency;
			target = 2E7B33F399C8FF58B866A331 /* WorldTrotter */;
			targetProxy = 2E7B39CE5807977014447B4C /* PBXContainerItemProxy */;
		};
		2E7B35D8F7FB7800CAABB036 /* PBXTargetDependency */ = {
			isa = PBXTargetDependency;
			target = 2E7B33F399C8FF58B866A331 /* WorldTrotter */;
			targetProxy = 2E7B344FFD5007BF5699F398 /* PBXContainerItemProxy */;
		};
/* End PBXTargetDependency section */

/* Begin PBXVariantGroup section */
		2E7B36E9DE04E3AE581A5418 /* Main.storyboard */ = {
			isa = PBXVariantGroup;
			children = (
				2E7B3FDEAEFDEC0656529F75 /* Base */,
			);
			name = Main.storyboard;
			sourceTree = "<group>";
		};
		2E7B3EA0584C4CB2DA337BF6 /* LaunchScreen.storyboard */ = {
			isa = PBXVariantGroup;
			children = (
				2E7B3561EBE3B759EBF2CD5F /* Base */,
			);
			name = LaunchScreen.storyboard;
			sourceTree = "<group>";
		};
/* End PBXVariantGroup section */

/* Begin XCBuildConfiguration section */
		2E7B304E837CE43B3683053F /* Debug */ = {
			isa = XCBuildConfiguration;
			buildSettings = {
				INFOPLIST_FILE = WorldTrotterUITests/Info.plist;
				LD_RUNPATH_SEARCH_PATHS = "$(inherited) @executable_path/Frameworks @loader_path/Frameworks";
				PRODUCT_BUNDLE_IDENTIFIER = hoffsilva.WorldTrotterUITests;
				PRODUCT_NAME = "$(TARGET_NAME)";
				SWIFT_VERSION = 4.2;
				TARGETED_DEVICE_FAMILY = "1,2";
				TEST_TARGET_NAME = WorldTrotter;
			};
			name = Debug;
		};
		2E7B319C4DEF31F922264FB6 /* Debug */ = {
			isa = XCBuildConfiguration;
			buildSettings = {
				ASSETCATALOG_COMPILER_APPICON_NAME = AppIcon;
				DEVELOPMENT_TEAM = C434CHPZ37;
				INFOPLIST_FILE = WorldTrotter/Info.plist;
				LD_RUNPATH_SEARCH_PATHS = "$(inherited) @executable_path/Frameworks";
				PRODUCT_BUNDLE_IDENTIFIER = hoffsilva.WorldTrotter;
				PRODUCT_NAME = "$(TARGET_NAME)";
				SWIFT_VERSION = 4.2;
				TARGETED_DEVICE_FAMILY = "1,2";
			};
			name = Debug;
		};
		2E7B321051D353AA9F83F97E /* Release */ = {
			isa = XCBuildConfiguration;
			buildSettings = {
				INFOPLIST_FILE = WorldTrotterUITests/Info.plist;
				LD_RUNPATH_SEARCH_PATHS = "$(inherited) @executable_path/Frameworks @loader_path/Frameworks";
				PRODUCT_BUNDLE_IDENTIFIER = hoffsilva.WorldTrotterUITests;
				PRODUCT_NAME = "$(TARGET_NAME)";
				SWIFT_VERSION = 4.2;
				TARGETED_DEVICE_FAMILY = "1,2";
				TEST_TARGET_NAME = WorldTrotter;
			};
			name = Release;
		};
		2E7B364E1A794A47F51291A9 /* Release */ = {
			isa = XCBuildConfiguration;
			buildSettings = {
				ALWAYS_SEARCH_USER_PATHS = NO;
				CLANG_ANALYZER_NONNULL = YES;
				CLANG_ANALYZER_NUMBER_OBJECT_CONVERSION = YES_AGGRESSIVE;
				CLANG_CXX_LANGUAGE_STANDARD = "gnu++14";
				CLANG_CXX_LIBRARY = "libc++";
				CLANG_ENABLE_MODULES = YES;
				CLANG_ENABLE_OBJC_ARC = YES;
				CLANG_ENABLE_OBJC_WEAK = YES;
				CLANG_WARN_BLOCK_CAPTURE_AUTORELEASING = YES;
				CLANG_WARN_BOOL_CONVERSION = YES;
				CLANG_WARN_COMMA = YES;
				CLANG_WARN_CONSTANT_CONVERSION = YES;
				CLANG_WARN_DEPRECATED_OBJC_IMPLEMENTATIONS = YES;
				CLANG_WARN_DIRECT_OBJC_ISA_USAGE = YES_ERROR;
				CLANG_WARN_DOCUMENTATION_COMMENTS = YES;
				CLANG_WARN_EMPTY_BODY = YES;
				CLANG_WARN_ENUM_CONVERSION = YES;
				CLANG_WARN_INFINITE_RECURSION = YES;
				CLANG_WARN_INT_CONVERSION = YES;
				CLANG_WARN_NON_LITERAL_NULL_CONVERSION = YES;
				CLANG_WARN_OBJC_IMPLICIT_RETAIN_SELF = YES;
				CLANG_WARN_OBJC_LITERAL_CONVERSION = YES;
				CLANG_WARN_OBJC_ROOT_CLASS = YES_ERROR;
				CLANG_WARN_RANGE_LOOP_ANALYSIS = YES;
				CLANG_WARN_STRICT_PROTOTYPES = YES;
				CLANG_WARN_SUSPICIOUS_MOVE = YES;
				CLANG_WARN_UNGUARDED_AVAILABILITY = YES_AGGRESSIVE;
				CLANG_WARN_UNREACHABLE_CODE = YES;
				CLANG_WARN__DUPLICATE_METHOD_MATCH = YES;
				CODE_SIGN_IDENTITY = "iPhone Developer";
				COPY_PHASE_STRIP = NO;
				DEBUG_INFORMATION_FORMAT = "dwarf-with-dsym";
				ENABLE_NS_ASSERTIONS = NO;
				ENABLE_STRICT_OBJC_MSGSEND = YES;
				GCC_C_LANGUAGE_STANDARD = gnu11;
				GCC_NO_COMMON_BLOCKS = YES;
				GCC_WARN_64_TO_32_BIT_CONVERSION = YES;
				GCC_WARN_ABOUT_RETURN_TYPE = YES_ERROR;
				GCC_WARN_UNDECLARED_SELECTOR = YES;
				GCC_WARN_UNINITIALIZED_AUTOS = YES_AGGRESSIVE;
				GCC_WARN_UNUSED_FUNCTION = YES;
				GCC_WARN_UNUSED_VARIABLE = YES;
				IPHONEOS_DEPLOYMENT_TARGET = 12.1;
				MTL_ENABLE_DEBUG_INFO = NO;
				MTL_FAST_MATH = YES;
				SDKROOT = iphoneos;
				SWIFT_OPTIMIZATION_LEVEL = "-Owholemodule";
				VALIDATE_PRODUCT = YES;
			};
			name = Release;
		};
		2E7B3676DCE3376FDE233B46 /* Release */ = {
			isa = XCBuildConfiguration;
			buildSettings = {
				ASSETCATALOG_COMPILER_APPICON_NAME = AppIcon;
				DEVELOPMENT_TEAM = C434CHPZ37;
				INFOPLIST_FILE = WorldTrotter/Info.plist;
				LD_RUNPATH_SEARCH_PATHS = "$(inherited) @executable_path/Frameworks";
				PRODUCT_BUNDLE_IDENTIFIER = hoffsilva.WorldTrotter;
				PRODUCT_NAME = "$(TARGET_NAME)";
				SWIFT_VERSION = 4.2;
				TARGETED_DEVICE_FAMILY = "1,2";
			};
			name = Release;
		};
		2E7B36A13A0F2C08E949607B /* Release */ = {
			isa = XCBuildConfiguration;
			buildSettings = {
				BUNDLE_LOADER = "$(BUILT_PRODUCTS_DIR)/WorldTrotter.app/WorldTrotter";
				INFOPLIST_FILE = WorldTrotterTests/Info.plist;
				LD_RUNPATH_SEARCH_PATHS = "$(inherited) @executable_path/Frameworks @loader_path/Frameworks";
				PRODUCT_BUNDLE_IDENTIFIER = hoffsilva.WorldTrotterTests;
				PRODUCT_NAME = "$(TARGET_NAME)";
				SWIFT_VERSION = 4.2;
				TARGETED_DEVICE_FAMILY = "1,2";
				TEST_HOST = "$(BUNDLE_LOADER)";
			};
			name = Release;
		};
		2E7B3ECAA18D33F769F14F2B /* Debug */ = {
			isa = XCBuildConfiguration;
			buildSettings = {
				ALWAYS_SEARCH_USER_PATHS = NO;
				CLANG_ANALYZER_NONNULL = YES;
				CLANG_ANALYZER_NUMBER_OBJECT_CONVERSION = YES_AGGRESSIVE;
				CLANG_CXX_LANGUAGE_STANDARD = "gnu++14";
				CLANG_CXX_LIBRARY = "libc++";
				CLANG_ENABLE_MODULES = YES;
				CLANG_ENABLE_OBJC_ARC = YES;
				CLANG_ENABLE_OBJC_WEAK = YES;
				CLANG_WARN_BLOCK_CAPTURE_AUTORELEASING = YES;
				CLANG_WARN_BOOL_CONVERSION = YES;
				CLANG_WARN_COMMA = YES;
				CLANG_WARN_CONSTANT_CONVERSION = YES;
				CLANG_WARN_DEPRECATED_OBJC_IMPLEMENTATIONS = YES;
				CLANG_WARN_DIRECT_OBJC_ISA_USAGE = YES_ERROR;
				CLANG_WARN_DOCUMENTATION_COMMENTS = YES;
				CLANG_WARN_EMPTY_BODY = YES;
				CLANG_WARN_ENUM_CONVERSION = YES;
				CLANG_WARN_INFINITE_RECURSION = YES;
				CLANG_WARN_INT_CONVERSION = YES;
				CLANG_WARN_NON_LITERAL_NULL_CONVERSION = YES;
				CLANG_WARN_OBJC_IMPLICIT_RETAIN_SELF = YES;
				CLANG_WARN_OBJC_LITERAL_CONVERSION = YES;
				CLANG_WARN_OBJC_ROOT_CLASS = YES_ERROR;
				CLANG_WARN_RANGE_LOOP_ANALYSIS = YES;
				CLANG_WARN_STRICT_PROTOTYPES = YES;
				CLANG_WARN_SUSPICIOUS_MOVE = YES;
				CLANG_WARN_UNGUARDED_AVAILABILITY = YES_AGGRESSIVE;
				CLANG_WARN_UNREACHABLE_CODE = YES;
				CLANG_WARN__DUPLICATE_METHOD_MATCH = YES;
				CODE_SIGN_IDENTITY = "iPhone Developer";
				COPY_PHASE_STRIP = NO;
				DEBUG_INFORMATION_FORMAT = dwarf;
				ENABLE_STRICT_OBJC_MSGSEND = YES;
				ENABLE_TESTABILITY = YES;
				GCC_C_LANGUAGE_STANDARD = gnu11;
				GCC_DYNAMIC_NO_PIC = NO;
				GCC_NO_COMMON_BLOCKS = YES;
				GCC_OPTIMIZATION_LEVEL = 0;
				GCC_PREPROCESSOR_DEFINITIONS = (
					"DEBUG=1",
					"$(inherited)",
				);
				GCC_WARN_64_TO_32_BIT_CONVERSION = YES;
				GCC_WARN_ABOUT_RETURN_TYPE = YES_ERROR;
				GCC_WARN_UNDECLARED_SELECTOR = YES;
				GCC_WARN_UNINITIALIZED_AUTOS = YES_AGGRESSIVE;
				GCC_WARN_UNUSED_FUNCTION = YES;
				GCC_WARN_UNUSED_VARIABLE = YES;
				IPHONEOS_DEPLOYMENT_TARGET = 12.1;
				MTL_ENABLE_DEBUG_INFO = INCLUDE_SOURCE;
				MTL_FAST_MATH = YES;
				ONLY_ACTIVE_ARCH = YES;
				SDKROOT = iphoneos;
				SWIFT_ACTIVE_COMPILATION_CONDITIONS = DEBUG;
				SWIFT_OPTIMIZATION_LEVEL = "-Onone";
			};
			name = Debug;
		};
		2E7B3F08E3490F38C5CF6746 /* Debug */ = {
			isa = XCBuildConfiguration;
			buildSettings = {
				BUNDLE_LOADER = "$(BUILT_PRODUCTS_DIR)/WorldTrotter.app/WorldTrotter";
				INFOPLIST_FILE = WorldTrotterTests/Info.plist;
				LD_RUNPATH_SEARCH_PATHS = "$(inherited) @executable_path/Frameworks @loader_path/Frameworks";
				PRODUCT_BUNDLE_IDENTIFIER = hoffsilva.WorldTrotterTests;
				PRODUCT_NAME = "$(TARGET_NAME)";
				SWIFT_VERSION = 4.2;
				TARGETED_DEVICE_FAMILY = "1,2";
				TEST_HOST = "$(BUNDLE_LOADER)";
			};
			name = Debug;
		};
/* End XCBuildConfiguration section */

/* Begin XCConfigurationList section */
		2E7B35C6B45C7CA263CCC770 /* Build configuration list for PBXProject "WorldTrotter" */ = {
			isa = XCConfigurationList;
			buildConfigurations = (
				2E7B3ECAA18D33F769F14F2B /* Debug */,
				2E7B364E1A794A47F51291A9 /* Release */,
			);
			defaultConfigurationIsVisible = 0;
			defaultConfigurationName = Release;
		};
		2E7B38941003B3FD97A94012 /* Build configuration list for PBXNativeTarget "WorldTrotter" */ = {
			isa = XCConfigurationList;
			buildConfigurations = (
				2E7B319C4DEF31F922264FB6 /* Debug */,
				2E7B3676DCE3376FDE233B46 /* Release */,
			);
			defaultConfigurationIsVisible = 0;
			defaultConfigurationName = Release;
		};
		2E7B3B38F532AB930952F1DC /* Build configuration list for PBXNativeTarget "WorldTrotterUITests" */ = {
			isa = XCConfigurationList;
			buildConfigurations = (
				2E7B304E837CE43B3683053F /* Debug */,
				2E7B321051D353AA9F83F97E /* Release */,
			);
			defaultConfigurationIsVisible = 0;
			defaultConfigurationName = Release;
		};
		2E7B3F9EE44676D1A286A352 /* Build configuration list for PBXNativeTarget "WorldTrotterTests" */ = {
			isa = XCConfigurationList;
			buildConfigurations = (
				2E7B3F08E3490F38C5CF6746 /* Debug */,
				2E7B36A13A0F2C08E949607B /* Release */,
			);
			defaultConfigurationIsVisible = 0;
			defaultConfigurationName = Release;
		};
/* End XCConfigurationList section */
	};
	rootObject = 2E7B3C19E22C2CF2BF23EA53 /* Project object */;
}
